// !$*UTF8*$!
{
	archiveVersion = 1;
	classes = {
	};
	objectVersion = 50;
	objects = {

/* Begin PBXBuildFile section */
		3E699FA58A0020C861727344 /* Pods_developes_social.framework in Frameworks */ = {isa = PBXBuildFile; fileRef = F9591AB6E1C29EB0071CBFA8 /* Pods_developes_social.framework */; };
		C1BBC86B21504B3C00619E83 /* AppDelegate.swift in Sources */ = {isa = PBXBuildFile; fileRef = C1BBC86A21504B3C00619E83 /* AppDelegate.swift */; };
		C1BBC86D21504B3C00619E83 /* SignInVC.swift in Sources */ = {isa = PBXBuildFile; fileRef = C1BBC86C21504B3C00619E83 /* SignInVC.swift */; };
		C1BBC87021504B3C00619E83 /* Main.storyboard in Resources */ = {isa = PBXBuildFile; fileRef = C1BBC86E21504B3C00619E83 /* Main.storyboard */; };
		C1BBC87221504B8700619E83 /* Assets.xcassets in Resources */ = {isa = PBXBuildFile; fileRef = C1BBC87121504B8700619E83 /* Assets.xcassets */; };
		C1BBC87521504B8700619E83 /* LaunchScreen.storyboard in Resources */ = {isa = PBXBuildFile; fileRef = C1BBC87321504B8700619E83 /* LaunchScreen.storyboard */; };
		C1BBC87D21504E7A00619E83 /* GoogleService-Info.plist in Resources */ = {isa = PBXBuildFile; fileRef = C1BBC87C21504E7A00619E83 /* GoogleService-Info.plist */; };
/* End PBXBuildFile section */

/* Begin PBXFileReference section */
		3B60609DA0E5DE9AD332F07B /* Pods-developes-social.release.xcconfig */ = {isa = PBXFileReference; includeInIndex = 1; lastKnownFileType = text.xcconfig; name = "Pods-developes-social.release.xcconfig"; path = "Pods/Target Support Files/Pods-developes-social/Pods-developes-social.release.xcconfig"; sourceTree = "<group>"; };
		5CEA3D8A036A3906FECA67C4 /* Pods-developes-social.debug.xcconfig */ = {isa = PBXFileReference; includeInIndex = 1; lastKnownFileType = text.xcconfig; name = "Pods-developes-social.debug.xcconfig"; path = "Pods/Target Support Files/Pods-developes-social/Pods-developes-social.debug.xcconfig"; sourceTree = "<group>"; };
		C1BBC86721504B3C00619E83 /* developes-social.app */ = {isa = PBXFileReference; explicitFileType = wrapper.application; includeInIndex = 0; path = "developes-social.app"; sourceTree = BUILT_PRODUCTS_DIR; };
		C1BBC86A21504B3C00619E83 /* AppDelegate.swift */ = {isa = PBXFileReference; lastKnownFileType = sourcecode.swift; path = AppDelegate.swift; sourceTree = "<group>"; };
		C1BBC86C21504B3C00619E83 /* SignInVC.swift */ = {isa = PBXFileReference; lastKnownFileType = sourcecode.swift; path = SignInVC.swift; sourceTree = "<group>"; };
		C1BBC86F21504B3C00619E83 /* Base */ = {isa = PBXFileReference; lastKnownFileType = file.storyboard; name = Base; path = Base.lproj/Main.storyboard; sourceTree = "<group>"; };
		C1BBC87121504B8700619E83 /* Assets.xcassets */ = {isa = PBXFileReference; lastKnownFileType = folder.assetcatalog; path = Assets.xcassets; sourceTree = "<group>"; };
		C1BBC87421504B8700619E83 /* Base */ = {isa = PBXFileReference; lastKnownFileType = file.storyboard; name = Base; path = Base.lproj/LaunchScreen.storyboard; sourceTree = "<group>"; };
		C1BBC87621504B8700619E83 /* Info.plist */ = {isa = PBXFileReference; lastKnownFileType = text.plist.xml; path = Info.plist; sourceTree = "<group>"; };
		C1BBC87C21504E7A00619E83 /* GoogleService-Info.plist */ = {isa = PBXFileReference; fileEncoding = 4; lastKnownFileType = text.plist.xml; path = "GoogleService-Info.plist"; sourceTree = "<group>"; };
		F9591AB6E1C29EB0071CBFA8 /* Pods_developes_social.framework */ = {isa = PBXFileReference; explicitFileType = wrapper.framework; includeInIndex = 0; path = Pods_developes_social.framework; sourceTree = BUILT_PRODUCTS_DIR; };
/* End PBXFileReference section */

/* Begin PBXFrameworksBuildPhase section */
		C1BBC86421504B3B00619E83 /* Frameworks */ = {
			isa = PBXFrameworksBuildPhase;
			buildActionMask = 2147483647;
			files = (
				3E699FA58A0020C861727344 /* Pods_developes_social.framework in Frameworks */,
			);
			runOnlyForDeploymentPostprocessing = 0;
		};
/* End PBXFrameworksBuildPhase section */

/* Begin PBXGroup section */
		672050744CDCC287D4DDF8E5 /* Frameworks */ = {
			isa = PBXGroup;
			children = (
				F9591AB6E1C29EB0071CBFA8 /* Pods_developes_social.framework */,
			);
			name = Frameworks;
			sourceTree = "<group>";
		};
		7BB42DADE1BD3C7D3DF143EB /* Pods */ = {
			isa = PBXGroup;
			children = (
				5CEA3D8A036A3906FECA67C4 /* Pods-developes-social.debug.xcconfig */,
				3B60609DA0E5DE9AD332F07B /* Pods-developes-social.release.xcconfig */,
			);
			name = Pods;
			sourceTree = "<group>";
		};
		C1BBC85E21504B3A00619E83 = {
			isa = PBXGroup;
			children = (
				C1BBC86921504B3C00619E83 /* developes-social */,
				C1BBC86821504B3C00619E83 /* Products */,
				7BB42DADE1BD3C7D3DF143EB /* Pods */,
				672050744CDCC287D4DDF8E5 /* Frameworks */,
			);
			sourceTree = "<group>";
		};
		C1BBC86821504B3C00619E83 /* Products */ = {
			isa = PBXGroup;
			children = (
				C1BBC86721504B3C00619E83 /* developes-social.app */,
			);
			name = Products;
			sourceTree = "<group>";
		};
		C1BBC86921504B3C00619E83 /* developes-social */ = {
			isa = PBXGroup;
			children = (
				C1BBC8802150551900619E83 /* Model */,
				C1BBC87F2150550F00619E83 /* Controller */,
				C1BBC87E2150550200619E83 /* View */,
				C1BBC86C21504B3C00619E83 /* SignInVC.swift */,
				C1BBC86E21504B3C00619E83 /* Main.storyboard */,
				C1BBC87121504B8700619E83 /* Assets.xcassets */,
				C1BBC87321504B8700619E83 /* LaunchScreen.storyboard */,
				C1BBC87621504B8700619E83 /* Info.plist */,
				C1BBC87C21504E7A00619E83 /* GoogleService-Info.plist */,
			);
			path = "developes-social";
			sourceTree = "<group>";
		};
		C1BBC87E2150550200619E83 /* View */ = {
			isa = PBXGroup;
			children = (
			);
			path = View;
			sourceTree = "<group>";
		};
		C1BBC87F2150550F00619E83 /* Controller */ = {
			isa = PBXGroup;
			children = (
				C1BBC86A21504B3C00619E83 /* AppDelegate.swift */,
			);
			path = Controller;
			sourceTree = "<group>";
		};
		C1BBC8802150551900619E83 /* Model */ = {
			isa = PBXGroup;
			children = (
			);
			path = Model;
			sourceTree = "<group>";
		};
/* End PBXGroup section */

/* Begin PBXNativeTarget section */
		C1BBC86621504B3B00619E83 /* developes-social */ = {
			isa = PBXNativeTarget;
			buildConfigurationList = C1BBC87921504B8700619E83 /* Build configuration list for PBXNativeTarget "developes-social" */;
			buildPhases = (
				404FFA8BC4351288F89B2227 /* [CP] Check Pods Manifest.lock */,
				C1BBC86321504B3B00619E83 /* Sources */,
				C1BBC86421504B3B00619E83 /* Frameworks */,
				C1BBC86521504B3B00619E83 /* Resources */,
				6AC3C10599F145D67538A73E /* [CP] Embed Pods Frameworks */,
			);
			buildRules = (
			);
			dependencies = (
			);
			name = "developes-social";
			productName = "developes-social";
			productReference = C1BBC86721504B3C00619E83 /* developes-social.app */;
			productType = "com.apple.product-type.application";
		};
/* End PBXNativeTarget section */

/* Begin PBXProject section */
		C1BBC85F21504B3A00619E83 /* Project object */ = {
			isa = PBXProject;
			attributes = {
				LastSwiftUpdateCheck = 0940;
				LastUpgradeCheck = 0940;
				ORGANIZATIONNAME = "khadijah hamed";
				TargetAttributes = {
					C1BBC86621504B3B00619E83 = {
						CreatedOnToolsVersion = 9.4.1;
					};
				};
			};
			buildConfigurationList = C1BBC86221504B3B00619E83 /* Build configuration list for PBXProject "developes-social" */;
			compatibilityVersion = "Xcode 9.3";
			developmentRegion = en;
			hasScannedForEncodings = 0;
			knownRegions = (
				en,
				Base,
			);
			mainGroup = C1BBC85E21504B3A00619E83;
			productRefGroup = C1BBC86821504B3C00619E83 /* Products */;
			projectDirPath = "";
			projectRoot = "";
			targets = (
				C1BBC86621504B3B00619E83 /* developes-social */,
			);
		};
/* End PBXProject section */

/* Begin PBXResourcesBuildPhase section */
		C1BBC86521504B3B00619E83 /* Resources */ = {
			isa = PBXResourcesBuildPhase;
			buildActionMask = 2147483647;
			files = (
				C1BBC87521504B8700619E83 /* LaunchScreen.storyboard in Resources */,
				C1BBC87D21504E7A00619E83 /* GoogleService-Info.plist in Resources */,
				C1BBC87221504B8700619E83 /* Assets.xcassets in Resources */,
				C1BBC87021504B3C00619E83 /* Main.storyboard in Resources */,
			);
			runOnlyForDeploymentPostprocessing = 0;
		};
/* End PBXResourcesBuildPhase section */

/* Begin PBXShellScriptBuildPhase section */
		404FFA8BC4351288F89B2227 /* [CP] Check Pods Manifest.lock */ = {
			isa = PBXShellScriptBuildPhase;
			buildActionMask = 2147483647;
			files = (
			);
			inputPaths = (
				"${PODS_PODFILE_DIR_PATH}/Podfile.lock",
				"${PODS_ROOT}/Manifest.lock",
			);
			name = "[CP] Check Pods Manifest.lock";
			outputPaths = (
				"$(DERIVED_FILE_DIR)/Pods-developes-social-checkManifestLockResult.txt",
			);
			runOnlyForDeploymentPostprocessing = 0;
			shellPath = /bin/sh;
			shellScript = "diff \"${PODS_PODFILE_DIR_PATH}/Podfile.lock\" \"${PODS_ROOT}/Manifest.lock\" > /dev/null\nif [ $? != 0 ] ; then\n    # print error to STDERR\n    echo \"error: The sandbox is not in sync with the Podfile.lock. Run 'pod install' or update your CocoaPods installation.\" >&2\n    exit 1\nfi\n# This output is used by Xcode 'outputs' to avoid re-running this script phase.\necho \"SUCCESS\" > \"${SCRIPT_OUTPUT_FILE_0}\"\n";
			showEnvVarsInLog = 0;
		};
		6AC3C10599F145D67538A73E /* [CP] Embed Pods Frameworks */ = {
			isa = PBXShellScriptBuildPhase;
			buildActionMask = 2147483647;
			files = (
			);
			inputPaths = (
				"${SRCROOT}/Pods/Target Support Files/Pods-developes-social/Pods-developes-social-frameworks.sh",
				"${BUILT_PRODUCTS_DIR}/GTMSessionFetcher/GTMSessionFetcher.framework",
				"${BUILT_PRODUCTS_DIR}/GoogleUtilities/GoogleUtilities.framework",
				"${BUILT_PRODUCTS_DIR}/leveldb-library/leveldb.framework",
				"${BUILT_PRODUCTS_DIR}/nanopb/nanopb.framework",
			);
			name = "[CP] Embed Pods Frameworks";
			outputPaths = (
				"${TARGET_BUILD_DIR}/${FRAMEWORKS_FOLDER_PATH}/GTMSessionFetcher.framework",
				"${TARGET_BUILD_DIR}/${FRAMEWORKS_FOLDER_PATH}/GoogleUtilities.framework",
				"${TARGET_BUILD_DIR}/${FRAMEWORKS_FOLDER_PATH}/leveldb.framework",
				"${TARGET_BUILD_DIR}/${FRAMEWORKS_FOLDER_PATH}/nanopb.framework",
			);
			runOnlyForDeploymentPostprocessing = 0;
			shellPath = /bin/sh;
			shellScript = "\"${SRCROOT}/Pods/Target Support Files/Pods-developes-social/Pods-developes-social-frameworks.sh\"\n";
			showEnvVarsInLog = 0;
		};
/* End PBXShellScriptBuildPhase section */

/* Begin PBXSourcesBuildPhase section */
		C1BBC86321504B3B00619E83 /* Sources */ = {
			isa = PBXSourcesBuildPhase;
			buildActionMask = 2147483647;
			files = (
				C1BBC86D21504B3C00619E83 /* SignInVC.swift in Sources */,
				C1BBC86B21504B3C00619E83 /* AppDelegate.swift in Sources */,
			);
			runOnlyForDeploymentPostprocessing = 0;
		};
/* End PBXSourcesBuildPhase section */

/* Begin PBXVariantGroup section */
		C1BBC86E21504B3C00619E83 /* Main.storyboard */ = {
			isa = PBXVariantGroup;
			children = (
				C1BBC86F21504B3C00619E83 /* Base */,
			);
			name = Main.storyboard;
			sourceTree = "<group>";
		};
		C1BBC87321504B8700619E83 /* LaunchScreen.storyboard */ = {
			isa = PBXVariantGroup;
			children = (
				C1BBC87421504B8700619E83 /* Base */,
			);
			name = LaunchScreen.storyboard;
			sourceTree = "<group>";
		};
/* End PBXVariantGroup section */

/* Begin XCBuildConfiguration section */
		C1BBC87721504B8700619E83 /* Debug */ = {
			isa = XCBuildConfiguration;
			buildSettings = {
				ALWAYS_SEARCH_USER_PATHS = NO;
				CLANG_ANALYZER_NONNULL = YES;
				CLANG_ANALYZER_NUMBER_OBJECT_CONVERSION = YES_AGGRESSIVE;
				CLANG_CXX_LANGUAGE_STANDARD = "gnu++14";
				CLANG_CXX_LIBRARY = "libc++";
				CLANG_ENABLE_MODULES = YES;
				CLANG_ENABLE_OBJC_ARC = YES;
				CLANG_ENABLE_OBJC_WEAK = YES;
				CLANG_WARN_BLOCK_CAPTURE_AUTORELEASING = YES;
				CLANG_WARN_BOOL_CONVERSION = YES;
				CLANG_WARN_COMMA = YES;
				CLANG_WARN_CONSTANT_CONVERSION = YES;
				CLANG_WARN_DEPRECATED_OBJC_IMPLEMENTATIONS = YES;
				CLANG_WARN_DIRECT_OBJC_ISA_USAGE = YES_ERROR;
				CLANG_WARN_DOCUMENTATION_COMMENTS = YES;
				CLANG_WARN_EMPTY_BODY = YES;
				CLANG_WARN_ENUM_CONVERSION = YES;
				CLANG_WARN_INFINITE_RECURSION = YES;
				CLANG_WARN_INT_CONVERSION = YES;
				CLANG_WARN_NON_LITERAL_NULL_CONVERSION = YES;
				CLANG_WARN_OBJC_IMPLICIT_RETAIN_SELF = YES;
				CLANG_WARN_OBJC_LITERAL_CONVERSION = YES;
				CLANG_WARN_OBJC_ROOT_CLASS = YES_ERROR;
				CLANG_WARN_RANGE_LOOP_ANALYSIS = YES;
				CLANG_WARN_STRICT_PROTOTYPES = YES;
				CLANG_WARN_SUSPICIOUS_MOVE = YES;
				CLANG_WARN_UNGUARDED_AVAILABILITY = YES_AGGRESSIVE;
				CLANG_WARN_UNREACHABLE_CODE = YES;
				CLANG_WARN__DUPLICATE_METHOD_MATCH = YES;
				CODE_SIGN_IDENTITY = "iPhone Developer";
				COPY_PHASE_STRIP = NO;
				DEBUG_INFORMATION_FORMAT = dwarf;
				ENABLE_STRICT_OBJC_MSGSEND = YES;
				ENABLE_TESTABILITY = YES;
				GCC_C_LANGUAGE_STANDARD = gnu11;
				GCC_DYNAMIC_NO_PIC = NO;
				GCC_NO_COMMON_BLOCKS = YES;
				GCC_OPTIMIZATION_LEVEL = 0;
				GCC_PREPROCESSOR_DEFINITIONS = (
					"DEBUG=1",
					"$(inherited)",
				);
				GCC_WARN_64_TO_32_BIT_CONVERSION = YES;
				GCC_WARN_ABOUT_RETURN_TYPE = YES_ERROR;
				GCC_WARN_UNDECLARED_SELECTOR = YES;
				GCC_WARN_UNINITIALIZED_AUTOS = YES_AGGRESSIVE;
				GCC_WARN_UNUSED_FUNCTION = YES;
				GCC_WARN_UNUSED_VARIABLE = YES;
				IPHONEOS_DEPLOYMENT_TARGET = 11.4;
				MTL_ENABLE_DEBUG_INFO = YES;
				ONLY_ACTIVE_ARCH = YES;
				SDKROOT = iphoneos;
				SWIFT_ACTIVE_COMPILATION_CONDITIONS = DEBUG;
				SWIFT_OPTIMIZATION_LEVEL = "-Onone";
			};
			name = Debug;
		};
		C1BBC87821504B8700619E83 /* Release */ = {
			isa = XCBuildConfiguration;
			buildSettings = {
				ALWAYS_SEARCH_USER_PATHS = NO;
				CLANG_ANALYZER_NONNULL = YES;
				CLANG_ANALYZER_NUMBER_OBJECT_CONVERSION = YES_AGGRESSIVE;
				CLANG_CXX_LANGUAGE_STANDARD = "gnu++14";
				CLANG_CXX_LIBRARY = "libc++";
				CLANG_ENABLE_MODULES = YES;
				CLANG_ENABLE_OBJC_ARC = YES;
				CLANG_ENABLE_OBJC_WEAK = YES;
				CLANG_WARN_BLOCK_CAPTURE_AUTORELEASING = YES;
				CLANG_WARN_BOOL_CONVERSION = YES;
				CLANG_WARN_COMMA = YES;
				CLANG_WARN_CONSTANT_CONVERSION = YES;
				CLANG_WARN_DEPRECATED_OBJC_IMPLEMENTATIONS = YES;
				CLANG_WARN_DIRECT_OBJC_ISA_USAGE = YES_ERROR;
				CLANG_WARN_DOCUMENTATION_COMMENTS = YES;
				CLANG_WARN_EMPTY_BODY = YES;
				CLANG_WARN_ENUM_CONVERSION = YES;
				CLANG_WARN_INFINITE_RECURSION = YES;
				CLANG_WARN_INT_CONVERSION = YES;
				CLANG_WARN_NON_LITERAL_NULL_CONVERSION = YES;
				CLANG_WARN_OBJC_IMPLICIT_RETAIN_SELF = YES;
				CLANG_WARN_OBJC_LITERAL_CONVERSION = YES;
				CLANG_WARN_OBJC_ROOT_CLASS = YES_ERROR;
				CLANG_WARN_RANGE_LOOP_ANALYSIS = YES;
				CLANG_WARN_STRICT_PROTOTYPES = YES;
				CLANG_WARN_SUSPICIOUS_MOVE = YES;
				CLANG_WARN_UNGUARDED_AVAILABILITY = YES_AGGRESSIVE;
				CLANG_WARN_UNREACHABLE_CODE = YES;
				CLANG_WARN__DUPLICATE_METHOD_MATCH = YES;
				CODE_SIGN_IDENTITY = "iPhone Developer";
				COPY_PHASE_STRIP = NO;
				DEBUG_INFORMATION_FORMAT = "dwarf-with-dsym";
				ENABLE_NS_ASSERTIONS = NO;
				ENABLE_STRICT_OBJC_MSGSEND = YES;
				GCC_C_LANGUAGE_STANDARD = gnu11;
				GCC_NO_COMMON_BLOCKS = YES;
				GCC_WARN_64_TO_32_BIT_CONVERSION = YES;
				GCC_WARN_ABOUT_RETURN_TYPE = YES_ERROR;
				GCC_WARN_UNDECLARED_SELECTOR = YES;
				GCC_WARN_UNINITIALIZED_AUTOS = YES_AGGRESSIVE;
				GCC_WARN_UNUSED_FUNCTION = YES;
				GCC_WARN_UNUSED_VARIABLE = YES;
				IPHONEOS_DEPLOYMENT_TARGET = 11.4;
				MTL_ENABLE_DEBUG_INFO = NO;
				SDKROOT = iphoneos;
				SWIFT_COMPILATION_MODE = wholemodule;
				SWIFT_OPTIMIZATION_LEVEL = "-O";
				VALIDATE_PRODUCT = YES;
			};
			name = Release;
		};
		C1BBC87A21504B8700619E83 /* Debug */ = {
			isa = XCBuildConfiguration;
			baseConfigurationReference = 5CEA3D8A036A3906FECA67C4 /* Pods-developes-social.debug.xcconfig */;
			buildSettings = {
				ASSETCATALOG_COMPILER_APPICON_NAME = AppIcon;
				CODE_SIGN_STYLE = Automatic;
				DEVELOPMENT_TEAM = 2DN3V6N3ZJ;
				INFOPLIST_FILE = "developes-social/Info.plist";
				LD_RUNPATH_SEARCH_PATHS = (
					"$(inherited)",
					"@executable_path/Frameworks",
				);
				PRODUCT_BUNDLE_IDENTIFIER = "insta.company.developes-social";
				PRODUCT_NAME = "$(TARGET_NAME)";
				SWIFT_VERSION = 4.0;
				TARGETED_DEVICE_FAMILY = "1,2";
			};
			name = Debug;
		};
		C1BBC87B21504B8700619E83 /* Release */ = {
			isa = XCBuildConfiguration;
			baseConfigurationReference = 3B60609DA0E5DE9AD332F07B /* Pods-developes-social.release.xcconfig */;
			buildSettings = {
				ASSETCATALOG_COMPILER_APPICON_NAME = AppIcon;
				CODE_SIGN_STYLE = Automatic;
				DEVELOPMENT_TEAM = 2DN3V6N3ZJ;
				INFOPLIST_FILE = "developes-social/Info.plist";
				LD_RUNPATH_SEARCH_PATHS = (
					"$(inherited)",
					"@executable_path/Frameworks",
				);
				PRODUCT_BUNDLE_IDENTIFIER = "insta.company.developes-social";
				PRODUCT_NAME = "$(TARGET_NAME)";
				SWIFT_VERSION = 4.0;
				TARGETED_DEVICE_FAMILY = "1,2";
			};
			name = Release;
		};
/* End XCBuildConfiguration section */

/* Begin XCConfigurationList section */
		C1BBC86221504B3B00619E83 /* Build configuration list for PBXProject "developes-social" */ = {
			isa = XCConfigurationList;
			buildConfigurations = (
				C1BBC87721504B8700619E83 /* Debug */,
				C1BBC87821504B8700619E83 /* Release */,
			);
			defaultConfigurationIsVisible = 0;
			defaultConfigurationName = Release;
		};
		C1BBC87921504B8700619E83 /* Build configuration list for PBXNativeTarget "developes-social" */ = {
			isa = XCConfigurationList;
			buildConfigurations = (
				C1BBC87A21504B8700619E83 /* Debug */,
				C1BBC87B21504B8700619E83 /* Release */,
			);
			defaultConfigurationIsVisible = 0;
			defaultConfigurationName = Release;
		};
/* End XCConfigurationList section */
	};
	rootObject = C1BBC85F21504B3A00619E83 /* Project object */;
}
